// !$*UTF8*$!
{
	archiveVersion = 1;
	classes = {
	};
	objectVersion = 56;
	objects = {

/* Begin PBXBuildFile section */
		E771FDDE2A25212A0025A87F /* AppDelegate.swift in Sources */ = {isa = PBXBuildFile; fileRef = E771FDDD2A25212A0025A87F /* AppDelegate.swift */; };
		E771FDE02A25212A0025A87F /* SceneDelegate.swift in Sources */ = {isa = PBXBuildFile; fileRef = E771FDDF2A25212A0025A87F /* SceneDelegate.swift */; };
		E771FDE22A25212A0025A87F /* LoginViewController.swift in Sources */ = {isa = PBXBuildFile; fileRef = E771FDE12A25212A0025A87F /* LoginViewController.swift */; };
		E771FDE52A25212A0025A87F /* Main.storyboard in Resources */ = {isa = PBXBuildFile; fileRef = E771FDE32A25212A0025A87F /* Main.storyboard */; };
		E771FDEA2A25212C0025A87F /* LaunchScreen.storyboard in Resources */ = {isa = PBXBuildFile; fileRef = E771FDE82A25212C0025A87F /* LaunchScreen.storyboard */; };
		E771FDF22A25236F0025A87F /* WelcomeViewController.swift in Sources */ = {isa = PBXBuildFile; fileRef = E771FDF12A25236F0025A87F /* WelcomeViewController.swift */; };
		E78F88682A293CC500A855CE /* WithButtonViewController.swift in Sources */ = {isa = PBXBuildFile; fileRef = E78F88672A293CC500A855CE /* WithButtonViewController.swift */; };
		E78F886B2A293CE600A855CE /* MoreInfoViewController.swift in Sources */ = {isa = PBXBuildFile; fileRef = E78F886A2A293CE600A855CE /* MoreInfoViewController.swift */; };
/* End PBXBuildFile section */

/* Begin PBXFileReference section */
		E771FDDA2A25212A0025A87F /* logIN & logOut.app */ = {isa = PBXFileReference; explicitFileType = wrapper.application; includeInIndex = 0; path = "logIN & logOut.app"; sourceTree = BUILT_PRODUCTS_DIR; };
		E771FDDD2A25212A0025A87F /* AppDelegate.swift */ = {isa = PBXFileReference; lastKnownFileType = sourcecode.swift; path = AppDelegate.swift; sourceTree = "<group>"; };
		E771FDDF2A25212A0025A87F /* SceneDelegate.swift */ = {isa = PBXFileReference; lastKnownFileType = sourcecode.swift; path = SceneDelegate.swift; sourceTree = "<group>"; };
		E771FDE12A25212A0025A87F /* LoginViewController.swift */ = {isa = PBXFileReference; lastKnownFileType = sourcecode.swift; path = LoginViewController.swift; sourceTree = "<group>"; };
		E771FDE42A25212A0025A87F /* Base */ = {isa = PBXFileReference; lastKnownFileType = file.storyboard; name = Base; path = Base.lproj/Main.storyboard; sourceTree = "<group>"; };
		E771FDE92A25212C0025A87F /* Base */ = {isa = PBXFileReference; lastKnownFileType = file.storyboard; name = Base; path = Base.lproj/LaunchScreen.storyboard; sourceTree = "<group>"; };
		E771FDEB2A25212C0025A87F /* Info.plist */ = {isa = PBXFileReference; lastKnownFileType = text.plist.xml; path = Info.plist; sourceTree = "<group>"; };
		E771FDF12A25236F0025A87F /* WelcomeViewController.swift */ = {isa = PBXFileReference; lastKnownFileType = sourcecode.swift; path = WelcomeViewController.swift; sourceTree = "<group>"; };
		E78F88672A293CC500A855CE /* WithButtonViewController.swift */ = {isa = PBXFileReference; lastKnownFileType = sourcecode.swift; path = WithButtonViewController.swift; sourceTree = "<group>"; };
		E78F886A2A293CE600A855CE /* MoreInfoViewController.swift */ = {isa = PBXFileReference; lastKnownFileType = sourcecode.swift; path = MoreInfoViewController.swift; sourceTree = "<group>"; };
/* End PBXFileReference section */

/* Begin PBXFrameworksBuildPhase section */
		E771FDD72A25212A0025A87F /* Frameworks */ = {
			isa = PBXFrameworksBuildPhase;
			buildActionMask = 2147483647;
			files = (
			);
			runOnlyForDeploymentPostprocessing = 0;
		};
/* End PBXFrameworksBuildPhase section */

/* Begin PBXGroup section */
		E771FDD12A25212A0025A87F = {
			isa = PBXGroup;
			children = (
				E771FDDC2A25212A0025A87F /* logIN & logOut */,
				E771FDDB2A25212A0025A87F /* Products */,
			);
			sourceTree = "<group>";
		};
		E771FDDB2A25212A0025A87F /* Products */ = {
			isa = PBXGroup;
			children = (
				E771FDDA2A25212A0025A87F /* logIN & logOut.app */,
			);
			name = Products;
			sourceTree = "<group>";
		};
		E771FDDC2A25212A0025A87F /* logIN & logOut */ = {
			isa = PBXGroup;
			children = (
				E771FDDD2A25212A0025A87F /* AppDelegate.swift */,
				E771FDDF2A25212A0025A87F /* SceneDelegate.swift */,
				E78F88642A293C5A00A855CE /* ViewControllers */,
				E78F88662A293C7A00A855CE /* Screens */,
				E771FDEB2A25212C0025A87F /* Info.plist */,
			);
			path = "logIN & logOut";
			sourceTree = "<group>";
		};
		E78F88642A293C5A00A855CE /* ViewControllers */ = {
			isa = PBXGroup;
			children = (
				E771FDE12A25212A0025A87F /* LoginViewController.swift */,
				E771FDF12A25236F0025A87F /* WelcomeViewController.swift */,
				E78F88672A293CC500A855CE /* WithButtonViewController.swift */,
				E78F886A2A293CE600A855CE /* MoreInfoViewController.swift */,
			);
			path = ViewControllers;
			sourceTree = "<group>";
		};
		E78F88662A293C7A00A855CE /* Screens */ = {
			isa = PBXGroup;
			children = (
				E771FDE32A25212A0025A87F /* Main.storyboard */,
				E771FDE82A25212C0025A87F /* LaunchScreen.storyboard */,
			);
			path = Screens;
			sourceTree = "<group>";
		};
/* End PBXGroup section */

/* Begin PBXNativeTarget section */
		E771FDD92A25212A0025A87F /* logIN & logOut */ = {
			isa = PBXNativeTarget;
			buildConfigurationList = E771FDEE2A25212C0025A87F /* Build configuration list for PBXNativeTarget "logIN & logOut" */;
			buildPhases = (
				E771FDD62A25212A0025A87F /* Sources */,
				E771FDD72A25212A0025A87F /* Frameworks */,
				E771FDD82A25212A0025A87F /* Resources */,
			);
			buildRules = (
			);
			dependencies = (
			);
			name = "logIN & logOut";
			productName = "logIN & logOut";
			productReference = E771FDDA2A25212A0025A87F /* logIN & logOut.app */;
			productType = "com.apple.product-type.application";
		};
/* End PBXNativeTarget section */

/* Begin PBXProject section */
		E771FDD22A25212A0025A87F /* Project object */ = {
			isa = PBXProject;
			attributes = {
				BuildIndependentTargetsInParallel = 1;
				LastSwiftUpdateCheck = 1420;
				LastUpgradeCheck = 1420;
				TargetAttributes = {
					E771FDD92A25212A0025A87F = {
						CreatedOnToolsVersion = 14.2;
					};
				};
			};
			buildConfigurationList = E771FDD52A25212A0025A87F /* Build configuration list for PBXProject "logIN & logOut" */;
			compatibilityVersion = "Xcode 14.0";
			developmentRegion = en;
			hasScannedForEncodings = 0;
			knownRegions = (
				en,
				Base,
			);
			mainGroup = E771FDD12A25212A0025A87F;
			productRefGroup = E771FDDB2A25212A0025A87F /* Products */;
			projectDirPath = "";
			projectRoot = "";
			targets = (
				E771FDD92A25212A0025A87F /* logIN & logOut */,
			);
		};
/* End PBXProject section */

/* Begin PBXResourcesBuildPhase section */
		E771FDD82A25212A0025A87F /* Resources */ = {
			isa = PBXResourcesBuildPhase;
			buildActionMask = 2147483647;
			files = (
				E771FDEA2A25212C0025A87F /* LaunchScreen.storyboard in Resources */,
				E771FDE52A25212A0025A87F /* Main.storyboard in Resources */,
			);
			runOnlyForDeploymentPostprocessing = 0;
		};
/* End PBXResourcesBuildPhase section */

/* Begin PBXSourcesBuildPhase section */
		E771FDD62A25212A0025A87F /* Sources */ = {
			isa = PBXSourcesBuildPhase;
			buildActionMask = 2147483647;
			files = (
				E78F88682A293CC500A855CE /* WithButtonViewController.swift in Sources */,
				E771FDE22A25212A0025A87F /* LoginViewController.swift in Sources */,
				E771FDF22A25236F0025A87F /* WelcomeViewController.swift in Sources */,
				E78F886B2A293CE600A855CE /* MoreInfoViewController.swift in Sources */,
				E771FDDE2A25212A0025A87F /* AppDelegate.swift in Sources */,
				E771FDE02A25212A0025A87F /* SceneDelegate.swift in Sources */,
			);
			runOnlyForDeploymentPostprocessing = 0;
		};
/* End PBXSourcesBuildPhase section */

/* Begin PBXVariantGroup section */
		E771FDE32A25212A0025A87F /* Main.storyboard */ = {
			isa = PBXVariantGroup;
			children = (
				E771FDE42A25212A0025A87F /* Base */,
			);
			name = Main.storyboard;
			sourceTree = "<group>";
		};
		E771FDE82A25212C0025A87F /* LaunchScreen.storyboard */ = {
			isa = PBXVariantGroup;
			children = (
				E771FDE92A25212C0025A87F /* Base */,
			);
			name = LaunchScreen.storyboard;
			sourceTree = "<group>";
		};
/* End PBXVariantGroup section */

/* Begin XCBuildConfiguration section */
		E771FDEC2A25212C0025A87F /* Debug */ = {
			isa = XCBuildConfiguration;
			buildSettings = {
				ALWAYS_SEARCH_USER_PATHS = NO;
				CLANG_ANALYZER_NONNULL = YES;
				CLANG_ANALYZER_NUMBER_OBJECT_CONVERSION = YES_AGGRESSIVE;
				CLANG_CXX_LANGUAGE_STANDARD = "gnu++20";
				CLANG_ENABLE_MODULES = YES;
				CLANG_ENABLE_OBJC_ARC = YES;
				CLANG_ENABLE_OBJC_WEAK = YES;
				CLANG_WARN_BLOCK_CAPTURE_AUTORELEASING = YES;
				CLANG_WARN_BOOL_CONVERSION = YES;
				CLANG_WARN_COMMA = YES;
				CLANG_WARN_CONSTANT_CONVERSION = YES;
				CLANG_WARN_DEPRECATED_OBJC_IMPLEMENTATIONS = YES;
				CLANG_WARN_DIRECT_OBJC_ISA_USAGE = YES_ERROR;
				CLANG_WARN_DOCUMENTATION_COMMENTS = YES;
				CLANG_WARN_EMPTY_BODY = YES;
				CLANG_WARN_ENUM_CONVERSION = YES;
				CLANG_WARN_INFINITE_RECURSION = YES;
				CLANG_WARN_INT_CONVERSION = YES;
				CLANG_WARN_NON_LITERAL_NULL_CONVERSION = YES;
				CLANG_WARN_OBJC_IMPLICIT_RETAIN_SELF = YES;
				CLANG_WARN_OBJC_LITERAL_CONVERSION = YES;
				CLANG_WARN_OBJC_ROOT_CLASS = YES_ERROR;
				CLANG_WARN_QUOTED_INCLUDE_IN_FRAMEWORK_HEADER = YES;
				CLANG_WARN_RANGE_LOOP_ANALYSIS = YES;
				CLANG_WARN_STRICT_PROTOTYPES = YES;
				CLANG_WARN_SUSPICIOUS_MOVE = YES;
				CLANG_WARN_UNGUARDED_AVAILABILITY = YES_AGGRESSIVE;
				CLANG_WARN_UNREACHABLE_CODE = YES;
				CLANG_WARN__DUPLICATE_METHOD_MATCH = YES;
				COPY_PHASE_STRIP = NO;
				DEBUG_INFORMATION_FORMAT = dwarf;
				ENABLE_STRICT_OBJC_MSGSEND = YES;
				ENABLE_TESTABILITY = YES;
				GCC_C_LANGUAGE_STANDARD = gnu11;
				GCC_DYNAMIC_NO_PIC = NO;
				GCC_NO_COMMON_BLOCKS = YES;
				GCC_OPTIMIZATION_LEVEL = 0;
				GCC_PREPROCESSOR_DEFINITIONS = (
					"DEBUG=1",
					"$(inherited)",
				);
				GCC_WARN_64_TO_32_BIT_CONVERSION = YES;
				GCC_WARN_ABOUT_RETURN_TYPE = YES_ERROR;
				GCC_WARN_UNDECLARED_SELECTOR = YES;
				GCC_WARN_UNINITIALIZED_AUTOS = YES_AGGRESSIVE;
				GCC_WARN_UNUSED_FUNCTION = YES;
				GCC_WARN_UNUSED_VARIABLE = YES;
				IPHONEOS_DEPLOYMENT_TARGET = 16.2;
				MTL_ENABLE_DEBUG_INFO = INCLUDE_SOURCE;
				MTL_FAST_MATH = YES;
				ONLY_ACTIVE_ARCH = YES;
				SDKROOT = iphoneos;
				SWIFT_ACTIVE_COMPILATION_CONDITIONS = DEBUG;
				SWIFT_OPTIMIZATION_LEVEL = "-Onone";
			};
			name = Debug;
		};
		E771FDED2A25212C0025A87F /* Release */ = {
			isa = XCBuildConfiguration;
			buildSettings = {
				ALWAYS_SEARCH_USER_PATHS = NO;
				CLANG_ANALYZER_NONNULL = YES;
				CLANG_ANALYZER_NUMBER_OBJECT_CONVERSION = YES_AGGRESSIVE;
				CLANG_CXX_LANGUAGE_STANDARD = "gnu++20";
				CLANG_ENABLE_MODULES = YES;
				CLANG_ENABLE_OBJC_ARC = YES;
				CLANG_ENABLE_OBJC_WEAK = YES;
				CLANG_WARN_BLOCK_CAPTURE_AUTORELEASING = YES;
				CLANG_WARN_BOOL_CONVERSION = YES;
				CLANG_WARN_COMMA = YES;
				CLANG_WARN_CONSTANT_CONVERSION = YES;
				CLANG_WARN_DEPRECATED_OBJC_IMPLEMENTATIONS = YES;
				CLANG_WARN_DIRECT_OBJC_ISA_USAGE = YES_ERROR;
				CLANG_WARN_DOCUMENTATION_COMMENTS = YES;
				CLANG_WARN_EMPTY_BODY = YES;
				CLANG_WARN_ENUM_CONVERSION = YES;
				CLANG_WARN_INFINITE_RECURSION = YES;
				CLANG_WARN_INT_CONVERSION = YES;
				CLANG_WARN_NON_LITERAL_NULL_CONVERSION = YES;
				CLANG_WARN_OBJC_IMPLICIT_RETAIN_SELF = YES;
				CLANG_WARN_OBJC_LITERAL_CONVERSION = YES;
				CLANG_WARN_OBJC_ROOT_CLASS = YES_ERROR;
				CLANG_WARN_QUOTED_INCLUDE_IN_FRAMEWORK_HEADER = YES;
				CLANG_WARN_RANGE_LOOP_ANALYSIS = YES;
				CLANG_WARN_STRICT_PROTOTYPES = YES;
				CLANG_WARN_SUSPICIOUS_MOVE = YES;
				CLANG_WARN_UNGUARDED_AVAILABILITY = YES_AGGRESSIVE;
				CLANG_WARN_UNREACHABLE_CODE = YES;
				CLANG_WARN__DUPLICATE_METHOD_MATCH = YES;
				COPY_PHASE_STRIP = NO;
				DEBUG_INFORMATION_FORMAT = "dwarf-with-dsym";
				ENABLE_NS_ASSERTIONS = NO;
				ENABLE_STRICT_OBJC_MSGSEND = YES;
				GCC_C_LANGUAGE_STANDARD = gnu11;
				GCC_NO_COMMON_BLOCKS = YES;
				GCC_WARN_64_TO_32_BIT_CONVERSION = YES;
				GCC_WARN_ABOUT_RETURN_TYPE = YES_ERROR;
				GCC_WARN_UNDECLARED_SELECTOR = YES;
				GCC_WARN_UNINITIALIZED_AUTOS = YES_AGGRESSIVE;
				GCC_WARN_UNUSED_FUNCTION = YES;
				GCC_WARN_UNUSED_VARIABLE = YES;
				IPHONEOS_DEPLOYMENT_TARGET = 16.2;
				MTL_ENABLE_DEBUG_INFO = NO;
				MTL_FAST_MATH = YES;
				SDKROOT = iphoneos;
				SWIFT_COMPILATION_MODE = wholemodule;
				SWIFT_OPTIMIZATION_LEVEL = "-O";
				VALIDATE_PRODUCT = YES;
			};
			name = Release;
		};
		E771FDEF2A25212C0025A87F /* Debug */ = {
			isa = XCBuildConfiguration;
			buildSettings = {
				ASSETCATALOG_COMPILER_APPICON_NAME = AppIcon;
				ASSETCATALOG_COMPILER_GLOBAL_ACCENT_COLOR_NAME = AccentColor;
				CODE_SIGN_STYLE = Automatic;
				CURRENT_PROJECT_VERSION = 1;
				GENERATE_INFOPLIST_FILE = YES;
				INFOPLIST_FILE = "logIN & logOut/Info.plist";
				INFOPLIST_KEY_UIApplicationSupportsIndirectInputEvents = YES;
				INFOPLIST_KEY_UILaunchStoryboardName = LaunchScreen;
				INFOPLIST_KEY_UIMainStoryboardFile = Main;
				INFOPLIST_KEY_UISupportedInterfaceOrientations_iPad = "UIInterfaceOrientationPortrait UIInterfaceOrientationPortraitUpsideDown UIInterfaceOrientationLandscapeLeft UIInterfaceOrientationLandscapeRight";
				INFOPLIST_KEY_UISupportedInterfaceOrientations_iPhone = "UIInterfaceOrientationPortrait UIInterfaceOrientationLandscapeLeft UIInterfaceOrientationLandscapeRight";
				LD_RUNPATH_SEARCH_PATHS = (
					"$(inherited)",
					"@executable_path/Frameworks",
				);
				MARKETING_VERSION = 1.0;
				PRODUCT_BUNDLE_IDENTIFIER = "-2121.logIN---logOut";
				PRODUCT_NAME = "$(TARGET_NAME)";
				SWIFT_EMIT_LOC_STRINGS = YES;
				SWIFT_VERSION = 5.0;
				TARGETED_DEVICE_FAMILY = "1,2";
			};
			name = Debug;
		};
		E771FDF02A25212C0025A87F /* Release */ = {
			isa = XCBuildConfiguration;
			buildSettings = {
				ASSETCATALOG_COMPILER_APPICON_NAME = AppIcon;
				ASSETCATALOG_COMPILER_GLOBAL_ACCENT_COLOR_NAME = AccentColor;
				CODE_SIGN_STYLE = Automatic;
				CURRENT_PROJECT_VERSION = 1;
				GENERATE_INFOPLIST_FILE = YES;
				INFOPLIST_FILE = "logIN & logOut/Info.plist";
				INFOPLIST_KEY_UIApplicationSupportsIndirectInputEvents = YES;
				INFOPLIST_KEY_UILaunchStoryboardName = LaunchScreen;
				INFOPLIST_KEY_UIMainStoryboardFile = Main;
				INFOPLIST_KEY_UISupportedInterfaceOrientations_iPad = "UIInterfaceOrientationPortrait UIInterfaceOrientationPortraitUpsideDown UIInterfaceOrientationLandscapeLeft UIInterfaceOrientationLandscapeRight";
				INFOPLIST_KEY_UISupportedInterfaceOrientations_iPhone = "UIInterfaceOrientationPortrait UIInterfaceOrientationLandscapeLeft UIInterfaceOrientationLandscapeRight";
				LD_RUNPATH_SEARCH_PATHS = (
					"$(inherited)",
					"@executable_path/Frameworks",
				);
				MARKETING_VERSION = 1.0;
				PRODUCT_BUNDLE_IDENTIFIER = "-2121.logIN---logOut";
				PRODUCT_NAME = "$(TARGET_NAME)";
				SWIFT_EMIT_LOC_STRINGS = YES;
				SWIFT_VERSION = 5.0;
				TARGETED_DEVICE_FAMILY = "1,2";
			};
			name = Release;
		};
/* End XCBuildConfiguration section */

/* Begin XCConfigurationList section */
		E771FDD52A25212A0025A87F /* Build configuration list for PBXProject "logIN & logOut" */ = {
			isa = XCConfigurationList;
			buildConfigurations = (
				E771FDEC2A25212C0025A87F /* Debug */,
				E771FDED2A25212C0025A87F /* Release */,
			);
			defaultConfigurationIsVisible = 0;
			defaultConfigurationName = Release;
		};
		E771FDEE2A25212C0025A87F /* Build configuration list for PBXNativeTarget "logIN & logOut" */ = {
			isa = XCConfigurationList;
			buildConfigurations = (
				E771FDEF2A25212C0025A87F /* Debug */,
				E771FDF02A25212C0025A87F /* Release */,
			);
			defaultConfigurationIsVisible = 0;
			defaultConfigurationName = Release;
		};
/* End XCConfigurationList section */
	};
	rootObject = E771FDD22A25212A0025A87F /* Project object */;
}
